
Microsoft Visual Studio Solution File, Format Version 12.00
# Visual Studio Version 16
VisualStudioVersion = 16.0.29613.14
MinimumVisualStudioVersion = 10.0.40219.1
Project("{FAE04EC0-301F-11D3-BF4B-00C04F79EFBC}") = "Melodify", "Melodify\Melodify.csproj", "{7AEF36EF-9F66-4777-958C-D29B34487597}"
EndProject
Global
	GlobalSection(SolutionConfigurationPlatforms) = preSolution
		Debug|Any CPU = Debug|Any CPU
		Release|Any CPU = Release|Any CPU
	EndGlobalSection
	GlobalSection(ProjectConfigurationPlatforms) = postSolution
		{7AEF36EF-9F66-4777-958C-D29B34487597}.Debug|Any CPU.ActiveCfg = Debug|Any CPU
		{7AEF36EF-9F66-4777-958C-D29B34487597}.Debug|Any CPU.Build.0 = Debug|Any CPU
		{7AEF36EF-9F66-4777-958C-D29B34487597}.Release|Any CPU.ActiveCfg = Release|Any CPU
		{7AEF36EF-9F66-4777-958C-D29B34487597}.Release|Any CPU.Build.0 = Release|Any CPU
	EndGlobalSection
	GlobalSection(SolutionProperties) = preSolution
		HideSolutionNode = FALSE
	EndGlobalSection
	GlobalSection(ExtensibilityGlobals) = postSolution
		SolutionGuid = {FC153C40-42B4-4D46-81F2-CC9D0F9EE2F2}
	EndGlobalSection
EndGlobal
